<?xml version="1.0" encoding="utf-8"?>
<Project ToolsVersion="4.0" xmlns="http://schemas.microsoft.com/developer/msbuild/2003">
  <ItemGroup>
    <Filter Include="Source Files">
      <UniqueIdentifier>{4FC737F1-C7A5-4376-A066-2A32D752A2FF}</UniqueIdentifier>
      <Extensions>cpp;c;cc;cxx;def;odl;idl;hpj;bat;asm;asmx</Extensions>
    </Filter>
    <Filter Include="Header Files">
      <UniqueIdentifier>{93995380-89BD-4b04-88EB-625FBE52EBFB}</UniqueIdentifier>
      <Extensions>h;hh;hpp;hxx;hm;inl;inc;ipp;xsd</Extensions>
    </Filter>
    <Filter Include="Resource Files">
      <UniqueIdentifier>{67DA6AB6-F800-4c08-8B7A-83BB121AAD01}</UniqueIdentifier>
      <Extensions>rc;ico;cur;bmp;dlg;rc2;rct;bin;rgs;gif;jpg;jpeg;jpe;resx;tiff;tif;png;wav;mfcribbon-ms</Extensions>
    </Filter>
  </ItemGroup>
  <ItemGroup>
    <ClInclude Include="checkML.h">
      <Filter>Header Files</Filter>
    </ClInclude>
    <ClInclude Include="..\Practica_3_TPV_II\AudioManager.h">
      <Filter>Header Files</Filter>
    </ClInclude>
    <ClInclude Include="..\Practica_3_TPV_II\BulletsPool.h">
      <Filter>Header Files</Filter>
    </ClInclude>
    <ClInclude Include="..\Practica_3_TPV_II\BulletsSystem.h">
      <Filter>Header Files</Filter>
    </ClInclude>
    <ClInclude Include="..\Practica_3_TPV_II\Collisions.h">
      <Filter>Header Files</Filter>
    </ClInclude>
    <ClInclude Include="..\Practica_3_TPV_II\CollisionSystem.h">
      <Filter>Header Files</Filter>
    </ClInclude>
    <ClInclude Include="..\Practica_3_TPV_II\Component.h">
      <Filter>Header Files</Filter>
    </ClInclude>
    <ClInclude Include="..\Practica_3_TPV_II\CtrlKeys.h">
      <Filter>Header Files</Filter>
    </ClInclude>
    <ClInclude Include="..\Practica_3_TPV_II\DefFactory.h">
      <Filter>Header Files</Filter>
    </ClInclude>
    <ClInclude Include="..\Practica_3_TPV_II\ecs.h">
      <Filter>Header Files</Filter>
    </ClInclude>
    <ClInclude Include="..\Practica_3_TPV_II\Entity.h">
      <Filter>Header Files</Filter>
    </ClInclude>
    <ClInclude Include="..\Practica_3_TPV_II\FighterInfo.h">
      <Filter>Header Files</Filter>
    </ClInclude>
    <ClInclude Include="..\Practica_3_TPV_II\FightersSystem.h">
      <Filter>Header Files</Filter>
    </ClInclude>
    <ClInclude Include="..\Practica_3_TPV_II\Font.h">
      <Filter>Header Files</Filter>
    </ClInclude>
    <ClInclude Include="..\Practica_3_TPV_II\FontsManager.h">
      <Filter>Header Files</Filter>
    </ClInclude>
    <ClInclude Include="..\Practica_3_TPV_II\GameCtrlSystem.h">
      <Filter>Header Files</Filter>
    </ClInclude>
    <ClInclude Include="..\Practica_3_TPV_II\Image.h">
      <Filter>Header Files</Filter>
    </ClInclude>
    <ClInclude Include="..\Practica_3_TPV_II\InputHandler.h">
      <Filter>Header Files</Filter>
    </ClInclude>
    <ClInclude Include="..\Practica_3_TPV_II\jute.h">
      <Filter>Header Files</Filter>
    </ClInclude>
    <ClInclude Include="..\Practica_3_TPV_II\Manager.h">
      <Filter>Header Files</Filter>
    </ClInclude>
    <ClInclude Include="..\Practica_3_TPV_II\messages.h">
      <Filter>Header Files</Filter>
    </ClInclude>
    <ClInclude Include="..\Practica_3_TPV_II\Networking.h">
      <Filter>Header Files</Filter>
    </ClInclude>
    <ClInclude Include="..\Practica_3_TPV_II\NetworkingSystem.h">
      <Filter>Header Files</Filter>
    </ClInclude>
    <ClInclude Include="..\Practica_3_TPV_II\ObjectFactory.h">
      <Filter>Header Files</Filter>
    </ClInclude>
    <ClInclude Include="..\Practica_3_TPV_II\ObjectPool.h">
      <Filter>Header Files</Filter>
    </ClInclude>
    <ClInclude Include="..\Practica_3_TPV_II\OFFacotry.h">
      <Filter>Header Files</Filter>
    </ClInclude>
    <ClInclude Include="..\Practica_3_TPV_II\RandomNumberGenerator.h">
      <Filter>Header Files</Filter>
    </ClInclude>
    <ClInclude Include="..\Practica_3_TPV_II\RenderSystem.h">
      <Filter>Header Files</Filter>
    </ClInclude>
    <ClInclude Include="..\Practica_3_TPV_II\Resources.h">
      <Filter>Header Files</Filter>
    </ClInclude>
    <ClInclude Include="..\Practica_3_TPV_II\SDL_macros.h">
      <Filter>Header Files</Filter>
    </ClInclude>
    <ClInclude Include="..\Practica_3_TPV_II\SDLAudioManager.h">
      <Filter>Header Files</Filter>
    </ClInclude>
    <ClInclude Include="..\Practica_3_TPV_II\SDLFontsManager.h">
      <Filter>Header Files</Filter>
    </ClInclude>
    <ClInclude Include="..\Practica_3_TPV_II\SDLGame.h">
      <Filter>Header Files</Filter>
    </ClInclude>
    <ClInclude Include="..\Practica_3_TPV_II\SDLTexturesManager.h">
      <Filter>Header Files</Filter>
    </ClInclude>
    <ClInclude Include="..\Practica_3_TPV_II\Singleton.h">
      <Filter>Header Files</Filter>
    </ClInclude>
    <ClInclude Include="..\Practica_3_TPV_II\SRandBasedGenerator.h">
      <Filter>Header Files</Filter>
    </ClInclude>
    <ClInclude Include="..\Practica_3_TPV_II\StarWars.h">
      <Filter>Header Files</Filter>
    </ClInclude>
    <ClInclude Include="..\Practica_3_TPV_II\System.h">
      <Filter>Header Files</Filter>
    </ClInclude>
    <ClInclude Include="..\Practica_3_TPV_II\Texture.h">
      <Filter>Header Files</Filter>
    </ClInclude>
    <ClInclude Include="..\Practica_3_TPV_II\TexturesManager.h">
      <Filter>Header Files</Filter>
    </ClInclude>
    <ClInclude Include="..\Practica_3_TPV_II\Transform.h">
      <Filter>Header Files</Filter>
    </ClInclude>
    <ClInclude Include="..\Practica_3_TPV_II\Vector2D.h">
      <Filter>Header Files</Filter>
    </ClInclude>
  </ItemGroup>
  <ItemGroup>
    <ClCompile Include="..\Practica_3_TPV_II\AudioManager.cpp">
      <Filter>Source Files</Filter>
    </ClCompile>
    <ClCompile Include="..\Practica_3_TPV_II\BulletsPool.cpp">
      <Filter>Source Files</Filter>
    </ClCompile>
    <ClCompile Include="..\Practica_3_TPV_II\BulletsSystem.cpp">
      <Filter>Source Files</Filter>
    </ClCompile>
    <ClCompile Include="..\Practica_3_TPV_II\Collisions.cpp">
      <Filter>Source Files</Filter>
    </ClCompile>
    <ClCompile Include="..\Practica_3_TPV_II\CollisionSystem.cpp">
      <Filter>Source Files</Filter>
    </ClCompile>
    <ClCompile Include="..\Practica_3_TPV_II\DefFactory.cpp">
      <Filter>Source Files</Filter>
    </ClCompile>
    <ClCompile Include="..\Practica_3_TPV_II\Entity.cpp">
      <Filter>Source Files</Filter>
    </ClCompile>
    <ClCompile Include="..\Practica_3_TPV_II\FightersSystem.cpp">
      <Filter>Source Files</Filter>
    </ClCompile>
    <ClCompile Include="..\Practica_3_TPV_II\Font.cpp">
      <Filter>Source Files</Filter>
    </ClCompile>
    <ClCompile Include="..\Practica_3_TPV_II\FontsManager.cpp">
      <Filter>Source Files</Filter>
    </ClCompile>
    <ClCompile Include="..\Practica_3_TPV_II\GameCtrlSystem.cpp">
      <Filter>Source Files</Filter>
    </ClCompile>
    <ClCompile Include="..\Practica_3_TPV_II\InputHandler.cpp">
      <Filter>Source Files</Filter>
    </ClCompile>
    <ClCompile Include="..\Practica_3_TPV_II\jute.cpp">
      <Filter>Source Files</Filter>
    </ClCompile>
    <ClCompile Include="..\Practica_3_TPV_II\Manager.cpp">
      <Filter>Source Files</Filter>
    </ClCompile>
    <ClCompile Include="..\Practica_3_TPV_II\Networking.cpp">
      <Filter>Source Files</Filter>
    </ClCompile>
    <ClCompile Include="..\Practica_3_TPV_II\NetworkingSystem.cpp">
      <Filter>Source Files</Filter>
    </ClCompile>
    <ClCompile Include="..\Practica_3_TPV_II\ObjectFactory.cpp">
      <Filter>Source Files</Filter>
    </ClCompile>
    <ClCompile Include="..\Practica_3_TPV_II\ObjectPool.cpp">
      <Filter>Source Files</Filter>
    </ClCompile>
    <ClCompile Include="..\Practica_3_TPV_II\OFFacotry.cpp">
      <Filter>Source Files</Filter>
    </ClCompile>
    <ClCompile Include="..\Practica_3_TPV_II\RandomNumberGenerator.cpp">
      <Filter>Source Files</Filter>
    </ClCompile>
    <ClCompile Include="..\Practica_3_TPV_II\RenderSystem.cpp">
      <Filter>Source Files</Filter>
    </ClCompile>
    <ClCompile Include="..\Practica_3_TPV_II\Resources.cpp">
      <Filter>Source Files</Filter>
    </ClCompile>
    <ClCompile Include="..\Practica_3_TPV_II\sdl_macros.cpp">
      <Filter>Source Files</Filter>
    </ClCompile>
    <ClCompile Include="..\Practica_3_TPV_II\SDLAudioManager.cpp">
      <Filter>Source Files</Filter>
    </ClCompile>
    <ClCompile Include="..\Practica_3_TPV_II\SDLFontsManager.cpp">
      <Filter>Source Files</Filter>
    </ClCompile>
    <ClCompile Include="..\Practica_3_TPV_II\SDLGame.cpp">
      <Filter>Source Files</Filter>
    </ClCompile>
    <ClCompile Include="..\Practica_3_TPV_II\SDLTexturesManager.cpp">
      <Filter>Source Files</Filter>
    </ClCompile>
    <ClCompile Include="..\Practica_3_TPV_II\Singleton.cpp">
      <Filter>Source Files</Filter>
    </ClCompile>
    <ClCompile Include="..\Practica_3_TPV_II\SRandBasedGenerator.cpp">
      <Filter>Source Files</Filter>
    </ClCompile>
    <ClCompile Include="..\Practica_3_TPV_II\StarWars.cpp">
      <Filter>Source Files</Filter>
    </ClCompile>
    <ClCompile Include="..\Practica_3_TPV_II\System.cpp">
      <Filter>Source Files</Filter>
    </ClCompile>
    <ClCompile Include="..\Practica_3_TPV_II\Texture.cpp">
      <Filter>Source Files</Filter>
    </ClCompile>
    <ClCompile Include="..\Practica_3_TPV_II\TexturesManager.cpp">
      <Filter>Source Files</Filter>
    </ClCompile>
    <ClCompile Include="..\Practica_3_TPV_II\Transform.cpp">
      <Filter>Source Files</Filter>
    </ClCompile>
    <ClCompile Include="..\Practica_3_TPV_II\Vector2D.cpp">
      <Filter>Source Files</Filter>
    </ClCompile>
    <ClCompile Include="..\Practica_3_TPV_II\main.cpp">
      <Filter>Source Files</Filter>
    </ClCompile>
  </ItemGroup>
</Project>